
Microsoft Visual Studio Solution File, Format Version 12.00
Project("{FAE04EC0-301F-11D3-BF4B-00C04F79EFBC}") = "ChatServer", "ChatServer\ChatServer.csproj", "{5C966163-B6A2-4069-9C0A-AB0CFAE14CC8}"
EndProject
Project("{FAE04EC0-301F-11D3-BF4B-00C04F79EFBC}") = "ChatLibrary", "ChatLibrary\ChatLibrary.csproj", "{153634DF-97B9-4751-B7CE-C8CEBD1BCD8F}"
EndProject
Project("{FAE04EC0-301F-11D3-BF4B-00C04F79EFBC}") = "ChatClient", "ChatClient\ChatClient.csproj", "{4580AC77-E740-4598-97B5-8B3FB772073F}"
EndProject
Global
	GlobalSection(SolutionConfigurationPlatforms) = preSolution
		Debug|Any CPU = Debug|Any CPU
		Release|Any CPU = Release|Any CPU
	EndGlobalSection
	GlobalSection(ProjectConfigurationPlatforms) = postSolution
		{5C966163-B6A2-4069-9C0A-AB0CFAE14CC8}.Debug|Any CPU.ActiveCfg = Debug|Any CPU
		{5C966163-B6A2-4069-9C0A-AB0CFAE14CC8}.Debug|Any CPU.Build.0 = Debug|Any CPU
		{5C966163-B6A2-4069-9C0A-AB0CFAE14CC8}.Release|Any CPU.ActiveCfg = Release|Any CPU
		{5C966163-B6A2-4069-9C0A-AB0CFAE14CC8}.Release|Any CPU.Build.0 = Release|Any CPU
		{153634DF-97B9-4751-B7CE-C8CEBD1BCD8F}.Debug|Any CPU.ActiveCfg = Debug|Any CPU
		{153634DF-97B9-4751-B7CE-C8CEBD1BCD8F}.Debug|Any CPU.Build.0 = Debug|Any CPU
		{153634DF-97B9-4751-B7CE-C8CEBD1BCD8F}.Release|Any CPU.ActiveCfg = Release|Any CPU
		{153634DF-97B9-4751-B7CE-C8CEBD1BCD8F}.Release|Any CPU.Build.0 = Release|Any CPU
		{4580AC77-E740-4598-97B5-8B3FB772073F}.Debug|Any CPU.ActiveCfg = Debug|Any CPU
		{4580AC77-E740-4598-97B5-8B3FB772073F}.Debug|Any CPU.Build.0 = Debug|Any CPU
		{4580AC77-E740-4598-97B5-8B3FB772073F}.Release|Any CPU.ActiveCfg = Release|Any CPU
		{4580AC77-E740-4598-97B5-8B3FB772073F}.Release|Any CPU.Build.0 = Release|Any CPU
	EndGlobalSection
EndGlobal
